// !$*UTF8*$!
{
	archiveVersion = 1;
	classes = {
	};
	objectVersion = 46;
	objects = {

/* Begin PBXBuildFile section */
		08BCAEC91D225E6200C47747 /* AppDelegate.swift in Sources */ = {isa = PBXBuildFile; fileRef = 08BCAEC81D225E6200C47747 /* AppDelegate.swift */; };
		08BCAECB1D225E6200C47747 /* ViewController.swift in Sources */ = {isa = PBXBuildFile; fileRef = 08BCAECA1D225E6200C47747 /* ViewController.swift */; };
		08BCAECE1D225E6200C47747 /* Main.storyboard in Resources */ = {isa = PBXBuildFile; fileRef = 08BCAECC1D225E6200C47747 /* Main.storyboard */; };
		08BCAED01D225E6200C47747 /* Assets.xcassets in Resources */ = {isa = PBXBuildFile; fileRef = 08BCAECF1D225E6200C47747 /* Assets.xcassets */; };
		08BCAED31D225E6200C47747 /* LaunchScreen.storyboard in Resources */ = {isa = PBXBuildFile; fileRef = 08BCAED11D225E6200C47747 /* LaunchScreen.storyboard */; };
		08BCAEDB1D225F3400C47747 /* CustomLayout.swift in Sources */ = {isa = PBXBuildFile; fileRef = 08BCAEDA1D225F3400C47747 /* CustomLayout.swift */; };
/* End PBXBuildFile section */

/* Begin PBXFileReference section */
		08BCAEC51D225E6200C47747 /* CBL.app */ = {isa = PBXFileReference; explicitFileType = wrapper.application; includeInIndex = 0; path = CBL.app; sourceTree = BUILT_PRODUCTS_DIR; };
		08BCAEC81D225E6200C47747 /* AppDelegate.swift */ = {isa = PBXFileReference; lastKnownFileType = sourcecode.swift; path = AppDelegate.swift; sourceTree = "<group>"; };
		08BCAECA1D225E6200C47747 /* ViewController.swift */ = {isa = PBXFileReference; lastKnownFileType = sourcecode.swift; path = ViewController.swift; sourceTree = "<group>"; };
		08BCAECD1D225E6200C47747 /* Base */ = {isa = PBXFileReference; lastKnownFileType = file.storyboard; name = Base; path = Base.lproj/Main.storyboard; sourceTree = "<group>"; };
		08BCAECF1D225E6200C47747 /* Assets.xcassets */ = {isa = PBXFileReference; lastKnownFileType = folder.assetcatalog; path = Assets.xcassets; sourceTree = "<group>"; };
		08BCAED21D225E6200C47747 /* Base */ = {isa = PBXFileReference; lastKnownFileType = file.storyboard; name = Base; path = Base.lproj/LaunchScreen.storyboard; sourceTree = "<group>"; };
		08BCAED41D225E6200C47747 /* Info.plist */ = {isa = PBXFileReference; lastKnownFileType = text.plist.xml; path = Info.plist; sourceTree = "<group>"; };
		08BCAEDA1D225F3400C47747 /* CustomLayout.swift */ = {isa = PBXFileReference; fileEncoding = 4; lastKnownFileType = sourcecode.swift; path = CustomLayout.swift; sourceTree = "<group>"; };
/* End PBXFileReference section */

/* Begin PBXFrameworksBuildPhase section */
		08BCAEC21D225E6200C47747 /* Frameworks */ = {
			isa = PBXFrameworksBuildPhase;
			buildActionMask = 2147483647;
			files = (
			);
			runOnlyForDeploymentPostprocessing = 0;
		};
/* End PBXFrameworksBuildPhase section */

/* Begin PBXGroup section */
		08BCAEBC1D225E6200C47747 = {
			isa = PBXGroup;
			children = (
				08BCAEC71D225E6200C47747 /* CBL */,
				08BCAEC61D225E6200C47747 /* Products */,
			);
			sourceTree = "<group>";
		};
		08BCAEC61D225E6200C47747 /* Products */ = {
			isa = PBXGroup;
			children = (
				08BCAEC51D225E6200C47747 /* CBL.app */,
			);
			name = Products;
			sourceTree = "<group>";
		};
		08BCAEC71D225E6200C47747 /* CBL */ = {
			isa = PBXGroup;
			children = (
				08BCAEC81D225E6200C47747 /* AppDelegate.swift */,
				08BCAECA1D225E6200C47747 /* ViewController.swift */,
				08BCAEDA1D225F3400C47747 /* CustomLayout.swift */,
				08BCAECC1D225E6200C47747 /* Main.storyboard */,
				08BCAECF1D225E6200C47747 /* Assets.xcassets */,
				08BCAED11D225E6200C47747 /* LaunchScreen.storyboard */,
				08BCAED41D225E6200C47747 /* Info.plist */,
			);
			path = CBL;
			sourceTree = "<group>";
		};
/* End PBXGroup section */

/* Begin PBXNativeTarget section */
		08BCAEC41D225E6200C47747 /* CBL */ = {
			isa = PBXNativeTarget;
			buildConfigurationList = 08BCAED71D225E6200C47747 /* Build configuration list for PBXNativeTarget "CBL" */;
			buildPhases = (
				08BCAEC11D225E6200C47747 /* Sources */,
				08BCAEC21D225E6200C47747 /* Frameworks */,
				08BCAEC31D225E6200C47747 /* Resources */,
			);
			buildRules = (
			);
			dependencies = (
			);
			name = CBL;
			productName = CBL;
			productReference = 08BCAEC51D225E6200C47747 /* CBL.app */;
			productType = "com.apple.product-type.application";
		};
/* End PBXNativeTarget section */

/* Begin PBXProject section */
		08BCAEBD1D225E6200C47747 /* Project object */ = {
			isa = PBXProject;
			attributes = {
				LastSwiftUpdateCheck = 0730;
				LastUpgradeCheck = 0730;
				ORGANIZATIONNAME = "Qingdao Jidan Information Technology Co. Ltd.";
				TargetAttributes = {
					08BCAEC41D225E6200C47747 = {
						CreatedOnToolsVersion = 7.3.1;
						LastSwiftMigration = 0800;
					};
				};
			};
			buildConfigurationList = 08BCAEC01D225E6200C47747 /* Build configuration list for PBXProject "CBL" */;
			compatibilityVersion = "Xcode 3.2";
			developmentRegion = English;
			hasScannedForEncodings = 0;
			knownRegions = (
				en,
				Base,
			);
			mainGroup = 08BCAEBC1D225E6200C47747;
			productRefGroup = 08BCAEC61D225E6200C47747 /* Products */;
			projectDirPath = "";
			projectRoot = "";
			targets = (
				08BCAEC41D225E6200C47747 /* CBL */,
			);
		};
/* End PBXProject section */

/* Begin PBXResourcesBuildPhase section */
		08BCAEC31D225E6200C47747 /* Resources */ = {
			isa = PBXResourcesBuildPhase;
			buildActionMask = 2147483647;
			files = (
				08BCAED31D225E6200C47747 /* LaunchScreen.storyboard in Resources */,
				08BCAED01D225E6200C47747 /* Assets.xcassets in Resources */,
				08BCAECE1D225E6200C47747 /* Main.storyboard in Resources */,
			);
			runOnlyForDeploymentPostprocessing = 0;
		};
/* End PBXResourcesBuildPhase section */

/* Begin PBXSourcesBuildPhase section */
		08BCAEC11D225E6200C47747 /* Sources */ = {
			isa = PBXSourcesBuildPhase;
			buildActionMask = 2147483647;
			files = (
				08BCAEDB1D225F3400C47747 /* CustomLayout.swift in Sources */,
				08BCAECB1D225E6200C47747 /* ViewController.swift in Sources */,
				08BCAEC91D225E6200C47747 /* AppDelegate.swift in Sources */,
			);
			runOnlyForDeploymentPostprocessing = 0;
		};
/* End PBXSourcesBuildPhase section */

/* Begin PBXVariantGroup section */
		08BCAECC1D225E6200C47747 /* Main.storyboard */ = {
			isa = PBXVariantGroup;
			children = (
				08BCAECD1D225E6200C47747 /* Base */,
			);
			name = Main.storyboard;
			sourceTree = "<group>";
		};
		08BCAED11D225E6200C47747 /* LaunchScreen.storyboard */ = {
			isa = PBXVariantGroup;
			children = (
				08BCAED21D225E6200C47747 /* Base */,
			);
			name = LaunchScreen.storyboard;
			sourceTree = "<group>";
		};
/* End PBXVariantGroup section */

/* Begin XCBuildConfiguration section */
		08BCAED51D225E6200C47747 /* Debug */ = {
			isa = XCBuildConfiguration;
			buildSettings = {
				ALWAYS_SEARCH_USER_PATHS = NO;
				CLANG_ANALYZER_NONNULL = YES;
				CLANG_CXX_LANGUAGE_STANDARD = "gnu++0x";
				CLANG_CXX_LIBRARY = "libc++";
				CLANG_ENABLE_MODULES = YES;
				CLANG_ENABLE_OBJC_ARC = YES;
				CLANG_WARN_BOOL_CONVERSION = YES;
				CLANG_WARN_CONSTANT_CONVERSION = YES;
				CLANG_WARN_DIRECT_OBJC_ISA_USAGE = YES_ERROR;
				CLANG_WARN_EMPTY_BODY = YES;
				CLANG_WARN_ENUM_CONVERSION = YES;
				CLANG_WARN_INT_CONVERSION = YES;
				CLANG_WARN_OBJC_ROOT_CLASS = YES_ERROR;
				CLANG_WARN_UNREACHABLE_CODE = YES;
				CLANG_WARN__DUPLICATE_METHOD_MATCH = YES;
				"CODE_SIGN_IDENTITY[sdk=iphoneos*]" = "iPhone Developer";
				COPY_PHASE_STRIP = NO;
				DEBUG_INFORMATION_FORMAT = dwarf;
				ENABLE_STRICT_OBJC_MSGSEND = YES;
				ENABLE_TESTABILITY = YES;
				GCC_C_LANGUAGE_STANDARD = gnu99;
				GCC_DYNAMIC_NO_PIC = NO;
				GCC_NO_COMMON_BLOCKS = YES;
				GCC_OPTIMIZATION_LEVEL = 0;
				GCC_PREPROCESSOR_DEFINITIONS = (
					"DEBUG=1",
					"$(inherited)",
				);
				GCC_WARN_64_TO_32_BIT_CONVERSION = YES;
				GCC_WARN_ABOUT_RETURN_TYPE = YES_ERROR;
				GCC_WARN_UNDECLARED_SELECTOR = YES;
				GCC_WARN_UNINITIALIZED_AUTOS = YES_AGGRESSIVE;
				GCC_WARN_UNUSED_FUNCTION = YES;
				GCC_WARN_UNUSED_VARIABLE = YES;
				IPHONEOS_DEPLOYMENT_TARGET = 9.3;
				MTL_ENABLE_DEBUG_INFO = YES;
				ONLY_ACTIVE_ARCH = YES;
				SDKROOT = iphoneos;
				SWIFT_OPTIMIZATION_LEVEL = "-Onone";
				TARGETED_DEVICE_FAMILY = "1,2";
			};
			name = Debug;
		};
		08BCAED61D225E6200C47747 /* Release */ = {
			isa = XCBuildConfiguration;
			buildSettings = {
				ALWAYS_SEARCH_USER_PATHS = NO;
				CLANG_ANALYZER_NONNULL = YES;
				CLANG_CXX_LANGUAGE_STANDARD = "gnu++0x";
				CLANG_CXX_LIBRARY = "libc++";
				CLANG_ENABLE_MODULES = YES;
				CLANG_ENABLE_OBJC_ARC = YES;
				CLANG_WARN_BOOL_CONVERSION = YES;
				CLANG_WARN_CONSTANT_CONVERSION = YES;
				CLANG_WARN_DIRECT_OBJC_ISA_USAGE = YES_ERROR;
				CLANG_WARN_EMPTY_BODY = YES;
				CLANG_WARN_ENUM_CONVERSION = YES;
				CLANG_WARN_INT_CONVERSION = YES;
				CLANG_WARN_OBJC_ROOT_CLASS = YES_ERROR;
				CLANG_WARN_UNREACHABLE_CODE = YES;
				CLANG_WARN__DUPLICATE_METHOD_MATCH = YES;
				"CODE_SIGN_IDENTITY[sdk=iphoneos*]" = "iPhone Developer";
				COPY_PHASE_STRIP = NO;
				DEBUG_INFORMATION_FORMAT = "dwarf-with-dsym";
				ENABLE_NS_ASSERTIONS = NO;
				ENABLE_STRICT_OBJC_MSGSEND = YES;
				GCC_C_LANGUAGE_STANDARD = gnu99;
				GCC_NO_COMMON_BLOCKS = YES;
				GCC_WARN_64_TO_32_BIT_CONVERSION = YES;
				GCC_WARN_ABOUT_RETURN_TYPE = YES_ERROR;
				GCC_WARN_UNDECLARED_SELECTOR = YES;
				GCC_WARN_UNINITIALIZED_AUTOS = YES_AGGRESSIVE;
				GCC_WARN_UNUSED_FUNCTION = YES;
				GCC_WARN_UNUSED_VARIABLE = YES;
				IPHONEOS_DEPLOYMENT_TARGET = 9.3;
				MTL_ENABLE_DEBUG_INFO = NO;
				SDKROOT = iphoneos;
				TARGETED_DEVICE_FAMILY = "1,2";
				VALIDATE_PRODUCT = YES;
			};
			name = Release;
		};
		08BCAED81D225E6200C47747 /* Debug */ = {
			isa = XCBuildConfiguration;
			buildSettings = {
				ASSETCATALOG_COMPILER_APPICON_NAME = AppIcon;
				INFOPLIST_FILE = CBL/Info.plist;
				LD_RUNPATH_SEARCH_PATHS = "$(inherited) @executable_path/Frameworks";
				PRODUCT_BUNDLE_IDENTIFIER = com.guangchecheng.CBL;
				PRODUCT_NAME = "$(TARGET_NAME)";
				SWIFT_VERSION = 3.0;
			};
			name = Debug;
		};
		08BCAED91D225E6200C47747 /* Release */ = {
			isa = XCBuildConfiguration;
			buildSettings = {
				ASSETCATALOG_COMPILER_APPICON_NAME = AppIcon;
				INFOPLIST_FILE = CBL/Info.plist;
				LD_RUNPATH_SEARCH_PATHS = "$(inherited) @executable_path/Frameworks";
				PRODUCT_BUNDLE_IDENTIFIER = com.guangchecheng.CBL;
				PRODUCT_NAME = "$(TARGET_NAME)";
				SWIFT_VERSION = 3.0;
			};
			name = Release;
		};
/* End XCBuildConfiguration section */

/* Begin XCConfigurationList section */
		08BCAEC01D225E6200C47747 /* Build configuration list for PBXProject "CBL" */ = {
			isa = XCConfigurationList;
			buildConfigurations = (
				08BCAED51D225E6200C47747 /* Debug */,
				08BCAED61D225E6200C47747 /* Release */,
			);
			defaultConfigurationIsVisible = 0;
			defaultConfigurationName = Release;
		};
		08BCAED71D225E6200C47747 /* Build configuration list for PBXNativeTarget "CBL" */ = {
			isa = XCConfigurationList;
			buildConfigurations = (
				08BCAED81D225E6200C47747 /* Debug */,
				08BCAED91D225E6200C47747 /* Release */,
			);
			defaultConfigurationIsVisible = 0;
			defaultConfigurationName = Release;
		};
/* End XCConfigurationList section */
	};
	rootObject = 08BCAEBD1D225E6200C47747 /* Project object */;
}
